
Microsoft Visual Studio Solution File, Format Version 12.00
# Visual Studio Version 16
VisualStudioVersion = 16.0.30523.141
MinimumVisualStudioVersion = 10.0.40219.1
Project("{8BC9CEB8-8B4A-11D0-8D11-00A0C91BC942}") = "SemperEngine", "SemperEngine\SemperEngine.vcxproj", "{749E1D81-A35C-45C3-972B-C9141950CC30}"
EndProject
Project("{8BC9CEB8-8B4A-11D0-8D11-00A0C91BC942}") = "ConsoleApplication1", "ConsoleApplication1\ConsoleApplication1.vcxproj", "{75773CFB-DFDC-4D96-AF3A-E34E863742F6}"
EndProject
Project("{8BC9CEB8-8B4A-11D0-8D11-00A0C91BC942}") = "Win32Windows", "Win32Windows\Win32Windows.vcxproj", "{B6850D16-E772-474E-898A-0F6FD5671DB8}"
EndProject
Project("{8BC9CEB8-8B4A-11D0-8D11-00A0C91BC942}") = "TextureLib", "TextureLib\TextureLib.vcxproj", "{3CA74659-4F52-4C2C-ACF2-6EC88E7B837A}"
EndProject
Project("{8BC9CEB8-8B4A-11D0-8D11-00A0C91BC942}") = "ModelLib", "ModelLib\ModelLib.vcxproj", "{4E8968B8-80D5-4C1C-BE55-7193800E7B7E}"
EndProject
Global
	GlobalSection(SolutionConfigurationPlatforms) = preSolution
		Debug|x64 = Debug|x64
		Debug|x86 = Debug|x86
		Release|x64 = Release|x64
		Release|x86 = Release|x86
	EndGlobalSection
	GlobalSection(ProjectConfigurationPlatforms) = postSolution
		{749E1D81-A35C-45C3-972B-C9141950CC30}.Debug|x64.ActiveCfg = Debug|x64
		{749E1D81-A35C-45C3-972B-C9141950CC30}.Debug|x64.Build.0 = Debug|x64
		{749E1D81-A35C-45C3-972B-C9141950CC30}.Debug|x86.ActiveCfg = Debug|Win32
		{749E1D81-A35C-45C3-972B-C9141950CC30}.Debug|x86.Build.0 = Debug|Win32
		{749E1D81-A35C-45C3-972B-C9141950CC30}.Release|x64.ActiveCfg = Release|x64
		{749E1D81-A35C-45C3-972B-C9141950CC30}.Release|x64.Build.0 = Release|x64
		{749E1D81-A35C-45C3-972B-C9141950CC30}.Release|x86.ActiveCfg = Release|Win32
		{749E1D81-A35C-45C3-972B-C9141950CC30}.Release|x86.Build.0 = Release|Win32
		{75773CFB-DFDC-4D96-AF3A-E34E863742F6}.Debug|x64.ActiveCfg = Debug|x64
		{75773CFB-DFDC-4D96-AF3A-E34E863742F6}.Debug|x64.Build.0 = Debug|x64
		{75773CFB-DFDC-4D96-AF3A-E34E863742F6}.Debug|x86.ActiveCfg = Debug|Win32
		{75773CFB-DFDC-4D96-AF3A-E34E863742F6}.Debug|x86.Build.0 = Debug|Win32
		{75773CFB-DFDC-4D96-AF3A-E34E863742F6}.Release|x64.ActiveCfg = Release|x64
		{75773CFB-DFDC-4D96-AF3A-E34E863742F6}.Release|x64.Build.0 = Release|x64
		{75773CFB-DFDC-4D96-AF3A-E34E863742F6}.Release|x86.ActiveCfg = Release|Win32
		{75773CFB-DFDC-4D96-AF3A-E34E863742F6}.Release|x86.Build.0 = Release|Win32
		{B6850D16-E772-474E-898A-0F6FD5671DB8}.Debug|x64.ActiveCfg = Debug|x64
		{B6850D16-E772-474E-898A-0F6FD5671DB8}.Debug|x64.Build.0 = Debug|x64
		{B6850D16-E772-474E-898A-0F6FD5671DB8}.Debug|x86.ActiveCfg = Debug|Win32
		{B6850D16-E772-474E-898A-0F6FD5671DB8}.Debug|x86.Build.0 = Debug|Win32
		{B6850D16-E772-474E-898A-0F6FD5671DB8}.Release|x64.ActiveCfg = Release|x64
		{B6850D16-E772-474E-898A-0F6FD5671DB8}.Release|x64.Build.0 = Release|x64
		{B6850D16-E772-474E-898A-0F6FD5671DB8}.Release|x86.ActiveCfg = Release|Win32
		{B6850D16-E772-474E-898A-0F6FD5671DB8}.Release|x86.Build.0 = Release|Win32
		{3CA74659-4F52-4C2C-ACF2-6EC88E7B837A}.Debug|x64.ActiveCfg = Debug|x64
		{3CA74659-4F52-4C2C-ACF2-6EC88E7B837A}.Debug|x64.Build.0 = Debug|x64
		{3CA74659-4F52-4C2C-ACF2-6EC88E7B837A}.Debug|x86.ActiveCfg = Debug|Win32
		{3CA74659-4F52-4C2C-ACF2-6EC88E7B837A}.Debug|x86.Build.0 = Debug|Win32
		{3CA74659-4F52-4C2C-ACF2-6EC88E7B837A}.Release|x64.ActiveCfg = Release|x64
		{3CA74659-4F52-4C2C-ACF2-6EC88E7B837A}.Release|x64.Build.0 = Release|x64
		{3CA74659-4F52-4C2C-ACF2-6EC88E7B837A}.Release|x86.ActiveCfg = Release|Win32
		{3CA74659-4F52-4C2C-ACF2-6EC88E7B837A}.Release|x86.Build.0 = Release|Win32
		{4E8968B8-80D5-4C1C-BE55-7193800E7B7E}.Debug|x64.ActiveCfg = Debug|x64
		{4E8968B8-80D5-4C1C-BE55-7193800E7B7E}.Debug|x64.Build.0 = Debug|x64
		{4E8968B8-80D5-4C1C-BE55-7193800E7B7E}.Debug|x86.ActiveCfg = Debug|Win32
		{4E8968B8-80D5-4C1C-BE55-7193800E7B7E}.Debug|x86.Build.0 = Debug|Win32
		{4E8968B8-80D5-4C1C-BE55-7193800E7B7E}.Release|x64.ActiveCfg = Release|x64
		{4E8968B8-80D5-4C1C-BE55-7193800E7B7E}.Release|x64.Build.0 = Release|x64
		{4E8968B8-80D5-4C1C-BE55-7193800E7B7E}.Release|x86.ActiveCfg = Release|Win32
		{4E8968B8-80D5-4C1C-BE55-7193800E7B7E}.Release|x86.Build.0 = Release|Win32
	EndGlobalSection
	GlobalSection(SolutionProperties) = preSolution
		HideSolutionNode = FALSE
	EndGlobalSection
	GlobalSection(ExtensibilityGlobals) = postSolution
		SolutionGuid = {ADF9436F-45BD-4F9B-A6CE-109F82A3DF24}
	EndGlobalSection
EndGlobal
