<?xml version="1.0" encoding="utf-8"?>
<Project ToolsVersion="4.0" xmlns="http://schemas.microsoft.com/developer/msbuild/2003">
  <ItemGroup>
    <ClCompile Include="Light.cpp">
      <Filter>源文件</Filter>
    </ClCompile>
    <ClCompile Include="Primitive.cpp">
      <Filter>源文件</Filter>
    </ClCompile>
    <ClCompile Include="SkyBox.cpp">
      <Filter>源文件</Filter>
    </ClCompile>
    <ClCompile Include="Program.cpp">
      <Filter>源文件</Filter>
    </ClCompile>
    <ClCompile Include="Mesh.cpp">
      <Filter>源文件</Filter>
    </ClCompile>
    <ClCompile Include="Model.cpp">
      <Filter>源文件</Filter>
    </ClCompile>
    <ClCompile Include="ProjectSetting.cpp">
      <Filter>Project</Filter>
    </ClCompile>
    <ClCompile Include="Time.cpp">
      <Filter>Project</Filter>
    </ClCompile>
    <ClCompile Include="FrameRuntime.cpp">
      <Filter>Project</Filter>
    </ClCompile>
    <ClCompile Include="GameWindow.cpp">
      <Filter>Project</Filter>
    </ClCompile>
    <ClCompile Include="GameLoop.cpp">
      <Filter>Project</Filter>
    </ClCompile>
    <ClCompile Include="spng.c">
      <Filter>2D</Filter>
    </ClCompile>
    <ClCompile Include="Texture.cpp">
      <Filter>2D</Filter>
    </ClCompile>
    <ClCompile Include="TextureUtility.cpp">
      <Filter>2D</Filter>
    </ClCompile>
    <ClCompile Include="stb_image.cpp">
      <Filter>2D</Filter>
    </ClCompile>
    <ClCompile Include="Camera.cpp">
      <Filter>Camera</Filter>
    </ClCompile>
    <ClCompile Include="Renderer.cpp">
      <Filter>Component</Filter>
    </ClCompile>
    <ClCompile Include="GameInit.cpp">
      <Filter>GameLogic</Filter>
    </ClCompile>
    <ClCompile Include="GameObject.cpp">
      <Filter>GameObject</Filter>
    </ClCompile>
    <ClCompile Include="Cube.cpp">
      <Filter>GameObject</Filter>
    </ClCompile>
    <ClCompile Include="WorldManager.cpp">
      <Filter>World</Filter>
    </ClCompile>
    <ClCompile Include="World.cpp">
      <Filter>World</Filter>
    </ClCompile>
    <ClCompile Include="BaseRenderPipeline.cpp">
      <Filter>Render</Filter>
    </ClCompile>
    <ClCompile Include="glad.c">
      <Filter>Render</Filter>
    </ClCompile>
    <ClCompile Include="MeshObject.cpp">
      <Filter>Render</Filter>
    </ClCompile>
    <ClCompile Include="RenderBatch.cpp">
      <Filter>Render</Filter>
    </ClCompile>
    <ClCompile Include="RenderObjectManager.cpp">
      <Filter>Render</Filter>
    </ClCompile>
    <ClCompile Include="ShaderManager.cpp">
      <Filter>Render</Filter>
    </ClCompile>
    <ClCompile Include="Vector2.cpp">
      <Filter>Math</Filter>
    </ClCompile>
    <ClCompile Include="Vector3.cpp">
      <Filter>Math</Filter>
    </ClCompile>
    <ClCompile Include="Transform.cpp">
      <Filter>GameObject</Filter>
    </ClCompile>
    <ClCompile Include="Matrix4x4.cpp">
      <Filter>Math</Filter>
    </ClCompile>
    <ClCompile Include="GameStart.cpp">
      <Filter>Project</Filter>
    </ClCompile>
    <ClCompile Include="ShaderProgram.cpp">
      <Filter>Render</Filter>
    </ClCompile>
    <ClCompile Include="Vector4.cpp">
      <Filter>Math</Filter>
    </ClCompile>
    <ClCompile Include="RenderBatchManager.cpp">
      <Filter>Render</Filter>
    </ClCompile>
    <ClCompile Include="RenderCollector.cpp">
      <Filter>Render</Filter>
    </ClCompile>
    <ClCompile Include="Test.cpp">
      <Filter>Test</Filter>
    </ClCompile>
    <ClCompile Include="RenderObject.cpp">
      <Filter>Render</Filter>
    </ClCompile>
    <ClCompile Include="RenderDraw.cpp">
      <Filter>Render</Filter>
    </ClCompile>
    <ClCompile Include="VertexData.cpp">
      <Filter>Render</Filter>
    </ClCompile>
    <ClCompile Include="Player.cpp">
      <Filter>GameLogic\GameObject</Filter>
    </ClCompile>
    <ClCompile Include="Mathz.cpp">
      <Filter>Math</Filter>
    </ClCompile>
    <ClCompile Include="Material.cpp">
      <Filter>Render</Filter>
    </ClCompile>
    <ClCompile Include="ShaderProperty.cpp">
      <Filter>Render</Filter>
    </ClCompile>
    <ClCompile Include="TextureData.cpp">
      <Filter>Render</Filter>
    </ClCompile>
  </ItemGroup>
  <ItemGroup>
    <ClInclude Include="Light.h">
      <Filter>头文件</Filter>
    </ClInclude>
    <ClInclude Include="Mesh.h">
      <Filter>头文件</Filter>
    </ClInclude>
    <ClInclude Include="Primitive.h">
      <Filter>头文件</Filter>
    </ClInclude>
    <ClInclude Include="SkyBox.h">
      <Filter>头文件</Filter>
    </ClInclude>
    <ClInclude Include="pch.h">
      <Filter>头文件</Filter>
    </ClInclude>
    <ClInclude Include="Model.h">
      <Filter>头文件</Filter>
    </ClInclude>
    <ClInclude Include="ProjectSetting.h">
      <Filter>Project</Filter>
    </ClInclude>
    <ClInclude Include="Time.h">
      <Filter>Project</Filter>
    </ClInclude>
    <ClInclude Include="FrameRuntime.h">
      <Filter>Project</Filter>
    </ClInclude>
    <ClInclude Include="GameWindow.h">
      <Filter>Project</Filter>
    </ClInclude>
    <ClInclude Include="GameLoop.h">
      <Filter>Project</Filter>
    </ClInclude>
    <ClInclude Include="spng.h">
      <Filter>2D</Filter>
    </ClInclude>
    <ClInclude Include="Texture.h">
      <Filter>2D</Filter>
    </ClInclude>
    <ClInclude Include="TextureType.h">
      <Filter>2D</Filter>
    </ClInclude>
    <ClInclude Include="TextureUtility.h">
      <Filter>2D</Filter>
    </ClInclude>
    <ClInclude Include="stb_image.h">
      <Filter>2D</Filter>
    </ClInclude>
    <ClInclude Include="Camera.h">
      <Filter>Camera</Filter>
    </ClInclude>
    <ClInclude Include="Renderer.h">
      <Filter>Component</Filter>
    </ClInclude>
    <ClInclude Include="Component.h">
      <Filter>Component</Filter>
    </ClInclude>
    <ClInclude Include="GameInit.h">
      <Filter>GameLogic</Filter>
    </ClInclude>
    <ClInclude Include="GameObject.h">
      <Filter>GameObject</Filter>
    </ClInclude>
    <ClInclude Include="Cube.h">
      <Filter>GameObject</Filter>
    </ClInclude>
    <ClInclude Include="WorldManager.h">
      <Filter>World</Filter>
    </ClInclude>
    <ClInclude Include="World.h">
      <Filter>World</Filter>
    </ClInclude>
    <ClInclude Include="BaseRenderPipeline.h">
      <Filter>Render</Filter>
    </ClInclude>
    <ClInclude Include="MeshObject.h">
      <Filter>Render</Filter>
    </ClInclude>
    <ClInclude Include="RenderBatch.h">
      <Filter>Render</Filter>
    </ClInclude>
    <ClInclude Include="RenderObjectManager.h">
      <Filter>Render</Filter>
    </ClInclude>
    <ClInclude Include="ShaderManager.h">
      <Filter>Render</Filter>
    </ClInclude>
    <ClInclude Include="Vector2.h">
      <Filter>Math</Filter>
    </ClInclude>
    <ClInclude Include="Vector3.h">
      <Filter>Math</Filter>
    </ClInclude>
    <ClInclude Include="Transform.h">
      <Filter>GameObject</Filter>
    </ClInclude>
    <ClInclude Include="Matrix4x4.h">
      <Filter>Math</Filter>
    </ClInclude>
    <ClInclude Include="GameStart.h">
      <Filter>Project</Filter>
    </ClInclude>
    <ClInclude Include="ShaderProgram.h">
      <Filter>Render</Filter>
    </ClInclude>
    <ClInclude Include="Vector4.h">
      <Filter>Math</Filter>
    </ClInclude>
    <ClInclude Include="RenderBatchManager.h">
      <Filter>Render</Filter>
    </ClInclude>
    <ClInclude Include="Vector.h">
      <Filter>Math</Filter>
    </ClInclude>
    <ClInclude Include="RenderCollector.h">
      <Filter>Render</Filter>
    </ClInclude>
    <ClInclude Include="Test.h">
      <Filter>Test</Filter>
    </ClInclude>
    <ClInclude Include="RenderObject.h">
      <Filter>Render</Filter>
    </ClInclude>
    <ClInclude Include="RenderDraw.h">
      <Filter>Render</Filter>
    </ClInclude>
    <ClInclude Include="VertexData.h">
      <Filter>Render</Filter>
    </ClInclude>
    <ClInclude Include="Player.h">
      <Filter>GameLogic\GameObject</Filter>
    </ClInclude>
    <ClInclude Include="Mathz.h">
      <Filter>Math</Filter>
    </ClInclude>
    <ClInclude Include="Material.h">
      <Filter>Render</Filter>
    </ClInclude>
    <ClInclude Include="ShaderProperty.h">
      <Filter>Render</Filter>
    </ClInclude>
    <ClInclude Include="TextureData.h">
      <Filter>Render</Filter>
    </ClInclude>
    <ClInclude Include="Components.h">
      <Filter>Component</Filter>
    </ClInclude>
  </ItemGroup>
  <ItemGroup>
    <Filter Include="头文件">
      <UniqueIdentifier>{35f27a84-09e3-451b-bfa4-c888edcfa538}</UniqueIdentifier>
      <Extensions>
      </Extensions>
    </Filter>
    <Filter Include="源文件">
      <UniqueIdentifier>{07616fa9-a65f-4390-827b-3f7758ec8ada}</UniqueIdentifier>
      <Extensions>
      </Extensions>
    </Filter>
    <Filter Include="Project">
      <UniqueIdentifier>{3106f0be-a40e-41f0-9bd6-888a31519efa}</UniqueIdentifier>
      <Extensions>
      </Extensions>
    </Filter>
    <Filter Include="Render">
      <UniqueIdentifier>{702683c2-edd7-4fb3-92af-2dc2b8275239}</UniqueIdentifier>
      <Extensions>
      </Extensions>
    </Filter>
    <Filter Include="Camera">
      <UniqueIdentifier>{29db5c31-2ad4-45d9-9105-ba6d5933422e}</UniqueIdentifier>
    </Filter>
    <Filter Include="World">
      <UniqueIdentifier>{77ed67e5-1566-4b85-acb4-9d36d8bec654}</UniqueIdentifier>
    </Filter>
    <Filter Include="Component">
      <UniqueIdentifier>{8a83e296-1391-4c56-9c35-fa33ac688ef4}</UniqueIdentifier>
    </Filter>
    <Filter Include="Math">
      <UniqueIdentifier>{39606d9c-726b-4a51-abbe-cc3951ddabf9}</UniqueIdentifier>
    </Filter>
    <Filter Include="2D">
      <UniqueIdentifier>{06f4dae4-2273-4830-81ce-d0bbb6a2231e}</UniqueIdentifier>
    </Filter>
    <Filter Include="GameLogic">
      <UniqueIdentifier>{ee4e0d89-ced1-4bc5-9fac-ec48b34404cc}</UniqueIdentifier>
    </Filter>
    <Filter Include="Test">
      <UniqueIdentifier>{29de764b-d9af-4816-9c79-927d25c26cdb}</UniqueIdentifier>
    </Filter>
    <Filter Include="GameObject">
      <UniqueIdentifier>{6ad4ca4a-dff0-479b-9c97-8d28b378fe8a}</UniqueIdentifier>
    </Filter>
    <Filter Include="GameLogic\GameObject">
      <UniqueIdentifier>{a6f74b75-e941-426a-b05a-0070057294cf}</UniqueIdentifier>
    </Filter>
  </ItemGroup>
</Project>