<?xml version="1.0" encoding="utf-8"?>
<Project ToolsVersion="4.0" xmlns="http://schemas.microsoft.com/developer/msbuild/2003">
  <ItemGroup>
    <ClCompile Include="Light.cpp">
      <Filter>源文件</Filter>
    </ClCompile>
    <ClCompile Include="Primitive.cpp">
      <Filter>源文件</Filter>
    </ClCompile>
    <ClCompile Include="SkyBox.cpp">
      <Filter>源文件</Filter>
    </ClCompile>
    <ClCompile Include="Program.cpp">
      <Filter>源文件</Filter>
    </ClCompile>
    <ClCompile Include="Mesh.cpp">
      <Filter>源文件</Filter>
    </ClCompile>
    <ClCompile Include="Model.cpp">
      <Filter>源文件</Filter>
    </ClCompile>
    <ClCompile Include="Camera.cpp">
      <Filter>源文件</Filter>
    </ClCompile>
    <ClCompile Include="Reference\glad.c">
      <Filter>源文件</Filter>
    </ClCompile>
    <ClCompile Include="Reference\stb_image.cpp">
      <Filter>源文件</Filter>
    </ClCompile>
    <ClCompile Include="GameWindow.cpp">
      <Filter>Windows</Filter>
    </ClCompile>
    <ClCompile Include="ProjectSetting.cpp">
      <Filter>Project</Filter>
    </ClCompile>
    <ClCompile Include="Time.cpp">
      <Filter>Project</Filter>
    </ClCompile>
    <ClCompile Include="FrameRuntime.cpp">
      <Filter>Project</Filter>
    </ClCompile>
    <ClCompile Include="Scene.cpp">
      <Filter>Scene</Filter>
    </ClCompile>
    <ClCompile Include="ShaderManager.cpp">
      <Filter>Render</Filter>
    </ClCompile>
    <ClCompile Include="shader.cpp">
      <Filter>Render</Filter>
    </ClCompile>
  </ItemGroup>
  <ItemGroup>
    <ClInclude Include="Camera.h">
      <Filter>头文件</Filter>
    </ClInclude>
    <ClInclude Include="Light.h">
      <Filter>头文件</Filter>
    </ClInclude>
    <ClInclude Include="Mesh.h">
      <Filter>头文件</Filter>
    </ClInclude>
    <ClInclude Include="Primitive.h">
      <Filter>头文件</Filter>
    </ClInclude>
    <ClInclude Include="SkyBox.h">
      <Filter>头文件</Filter>
    </ClInclude>
    <ClInclude Include="pch.h">
      <Filter>头文件</Filter>
    </ClInclude>
    <ClInclude Include="Model.h">
      <Filter>头文件</Filter>
    </ClInclude>
    <ClInclude Include="Reference\stb_image.h">
      <Filter>头文件</Filter>
    </ClInclude>
    <ClInclude Include="GameWindow.h">
      <Filter>Windows</Filter>
    </ClInclude>
    <ClInclude Include="ProjectSetting.h">
      <Filter>Project</Filter>
    </ClInclude>
    <ClInclude Include="Time.h">
      <Filter>Project</Filter>
    </ClInclude>
    <ClInclude Include="FrameRuntime.h">
      <Filter>Project</Filter>
    </ClInclude>
    <ClInclude Include="Scene.h">
      <Filter>Scene</Filter>
    </ClInclude>
    <ClInclude Include="ShaderManager.h">
      <Filter>Render</Filter>
    </ClInclude>
    <ClInclude Include="shader.h">
      <Filter>Render</Filter>
    </ClInclude>
  </ItemGroup>
  <ItemGroup>
    <Filter Include="头文件">
      <UniqueIdentifier>{35f27a84-09e3-451b-bfa4-c888edcfa538}</UniqueIdentifier>
      <Extensions>
      </Extensions>
    </Filter>
    <Filter Include="源文件">
      <UniqueIdentifier>{07616fa9-a65f-4390-827b-3f7758ec8ada}</UniqueIdentifier>
      <Extensions>
      </Extensions>
    </Filter>
    <Filter Include="Windows">
      <UniqueIdentifier>{48f50471-8707-4321-9166-1d36e29c5cd5}</UniqueIdentifier>
    </Filter>
    <Filter Include="Project">
      <UniqueIdentifier>{3106f0be-a40e-41f0-9bd6-888a31519efa}</UniqueIdentifier>
    </Filter>
    <Filter Include="Render">
      <UniqueIdentifier>{702683c2-edd7-4fb3-92af-2dc2b8275239}</UniqueIdentifier>
    </Filter>
    <Filter Include="Scene">
      <UniqueIdentifier>{2aaba05f-c792-4436-984b-ec8b27634ee4}</UniqueIdentifier>
    </Filter>
  </ItemGroup>
</Project>