<?xml version="1.0" encoding="utf-8"?>
<Project ToolsVersion="4.0" xmlns="http://schemas.microsoft.com/developer/msbuild/2003">
  <ItemGroup>
    <ClCompile Include="Light.cpp">
      <Filter>源文件</Filter>
    </ClCompile>
    <ClCompile Include="Primitive.cpp">
      <Filter>源文件</Filter>
    </ClCompile>
    <ClCompile Include="SkyBox.cpp">
      <Filter>源文件</Filter>
    </ClCompile>
    <ClCompile Include="Program.cpp">
      <Filter>源文件</Filter>
    </ClCompile>
    <ClCompile Include="Mesh.cpp">
      <Filter>源文件</Filter>
    </ClCompile>
    <ClCompile Include="Model.cpp">
      <Filter>源文件</Filter>
    </ClCompile>
    <ClCompile Include="Reference\glad.c">
      <Filter>源文件</Filter>
    </ClCompile>
    <ClCompile Include="ProjectSetting.cpp">
      <Filter>Project</Filter>
    </ClCompile>
    <ClCompile Include="Time.cpp">
      <Filter>Project</Filter>
    </ClCompile>
    <ClCompile Include="FrameRuntime.cpp">
      <Filter>Project</Filter>
    </ClCompile>
    <ClCompile Include="GameWindow.cpp">
      <Filter>Project</Filter>
    </ClCompile>
    <ClCompile Include="GameLoop.cpp">
      <Filter>Project</Filter>
    </ClCompile>
    <ClCompile Include="Reference\stb_image.cpp">
      <Filter>2D</Filter>
    </ClCompile>
    <ClCompile Include="Camera\Camera.cpp">
      <Filter>Camera</Filter>
    </ClCompile>
    <ClCompile Include="Math\Mathz.cpp">
      <Filter>Math</Filter>
    </ClCompile>
    <ClCompile Include="Component\Component.cpp">
      <Filter>Component</Filter>
    </ClCompile>
    <ClCompile Include="Component\Renderer.cpp">
      <Filter>Component</Filter>
    </ClCompile>
    <ClCompile Include="Object\BuildInData.cpp">
      <Filter>Object</Filter>
    </ClCompile>
    <ClCompile Include="Object\Cube.cpp">
      <Filter>Object</Filter>
    </ClCompile>
    <ClCompile Include="Object\GameObject.cpp">
      <Filter>Object</Filter>
    </ClCompile>
    <ClCompile Include="Render\BaseRenderPipeline.cpp">
      <Filter>Render</Filter>
    </ClCompile>
    <ClCompile Include="Render\BatchManager.cpp">
      <Filter>Render</Filter>
    </ClCompile>
    <ClCompile Include="Render\GeometryProcess.cpp">
      <Filter>Render</Filter>
    </ClCompile>
    <ClCompile Include="Render\MeshObject.cpp">
      <Filter>Render</Filter>
    </ClCompile>
    <ClCompile Include="Render\RenderBatch.cpp">
      <Filter>Render</Filter>
    </ClCompile>
    <ClCompile Include="Render\RenderObject.cpp">
      <Filter>Render</Filter>
    </ClCompile>
    <ClCompile Include="Render\RenderObjectManager.cpp">
      <Filter>Render</Filter>
    </ClCompile>
    <ClCompile Include="Render\shader.cpp">
      <Filter>Render</Filter>
    </ClCompile>
    <ClCompile Include="Render\ShaderManager.cpp">
      <Filter>Render</Filter>
    </ClCompile>
    <ClCompile Include="2D\Texture.cpp">
      <Filter>2D</Filter>
    </ClCompile>
    <ClCompile Include="2D\TextureUtility.cpp">
      <Filter>2D</Filter>
    </ClCompile>
    <ClCompile Include="World\World.cpp">
      <Filter>World</Filter>
    </ClCompile>
    <ClCompile Include="World\WorldManager.cpp">
      <Filter>World</Filter>
    </ClCompile>
  </ItemGroup>
  <ItemGroup>
    <ClInclude Include="Light.h">
      <Filter>头文件</Filter>
    </ClInclude>
    <ClInclude Include="Mesh.h">
      <Filter>头文件</Filter>
    </ClInclude>
    <ClInclude Include="Primitive.h">
      <Filter>头文件</Filter>
    </ClInclude>
    <ClInclude Include="SkyBox.h">
      <Filter>头文件</Filter>
    </ClInclude>
    <ClInclude Include="pch.h">
      <Filter>头文件</Filter>
    </ClInclude>
    <ClInclude Include="Model.h">
      <Filter>头文件</Filter>
    </ClInclude>
    <ClInclude Include="ProjectSetting.h">
      <Filter>Project</Filter>
    </ClInclude>
    <ClInclude Include="Time.h">
      <Filter>Project</Filter>
    </ClInclude>
    <ClInclude Include="FrameRuntime.h">
      <Filter>Project</Filter>
    </ClInclude>
    <ClInclude Include="GameWindow.h">
      <Filter>Project</Filter>
    </ClInclude>
    <ClInclude Include="GameLoop.h">
      <Filter>Project</Filter>
    </ClInclude>
    <ClInclude Include="Reference\stb_image.h">
      <Filter>2D</Filter>
    </ClInclude>
    <ClInclude Include="Camera\Camera.h">
      <Filter>Camera</Filter>
    </ClInclude>
    <ClInclude Include="Math\Mathz.h">
      <Filter>Math</Filter>
    </ClInclude>
    <ClInclude Include="Component\Component.h">
      <Filter>Component</Filter>
    </ClInclude>
    <ClInclude Include="Component\Components.h">
      <Filter>Component</Filter>
    </ClInclude>
    <ClInclude Include="Component\Renderer.h">
      <Filter>Component</Filter>
    </ClInclude>
    <ClInclude Include="Object\BuildInData.h">
      <Filter>Object</Filter>
    </ClInclude>
    <ClInclude Include="Object\BuildInMesh.h">
      <Filter>Object</Filter>
    </ClInclude>
    <ClInclude Include="Object\Cube.h">
      <Filter>Object</Filter>
    </ClInclude>
    <ClInclude Include="Object\GameObject.h">
      <Filter>Object</Filter>
    </ClInclude>
    <ClInclude Include="Render\BaseRenderPipeline.h">
      <Filter>Render</Filter>
    </ClInclude>
    <ClInclude Include="Render\BatchManager.h">
      <Filter>Render</Filter>
    </ClInclude>
    <ClInclude Include="Render\GeometryProcess.h">
      <Filter>Render</Filter>
    </ClInclude>
    <ClInclude Include="Render\MeshObject.h">
      <Filter>Render</Filter>
    </ClInclude>
    <ClInclude Include="Render\RenderBatch.h">
      <Filter>Render</Filter>
    </ClInclude>
    <ClInclude Include="Render\RenderObject.h">
      <Filter>Render</Filter>
    </ClInclude>
    <ClInclude Include="Render\RenderObjectManager.h">
      <Filter>Render</Filter>
    </ClInclude>
    <ClInclude Include="Render\shader.h">
      <Filter>Render</Filter>
    </ClInclude>
    <ClInclude Include="Render\ShaderManager.h">
      <Filter>Render</Filter>
    </ClInclude>
    <ClInclude Include="2D\Texture.h">
      <Filter>2D</Filter>
    </ClInclude>
    <ClInclude Include="2D\TextureType.h">
      <Filter>2D</Filter>
    </ClInclude>
    <ClInclude Include="2D\TextureUtility.h">
      <Filter>2D</Filter>
    </ClInclude>
    <ClInclude Include="World\World.h">
      <Filter>World</Filter>
    </ClInclude>
    <ClInclude Include="World\WorldManager.h">
      <Filter>World</Filter>
    </ClInclude>
  </ItemGroup>
  <ItemGroup>
    <Filter Include="头文件">
      <UniqueIdentifier>{35f27a84-09e3-451b-bfa4-c888edcfa538}</UniqueIdentifier>
      <Extensions>
      </Extensions>
    </Filter>
    <Filter Include="源文件">
      <UniqueIdentifier>{07616fa9-a65f-4390-827b-3f7758ec8ada}</UniqueIdentifier>
      <Extensions>
      </Extensions>
    </Filter>
    <Filter Include="Project">
      <UniqueIdentifier>{3106f0be-a40e-41f0-9bd6-888a31519efa}</UniqueIdentifier>
      <Extensions>
      </Extensions>
    </Filter>
    <Filter Include="Render">
      <UniqueIdentifier>{702683c2-edd7-4fb3-92af-2dc2b8275239}</UniqueIdentifier>
      <Extensions>
      </Extensions>
    </Filter>
    <Filter Include="Camera">
      <UniqueIdentifier>{29db5c31-2ad4-45d9-9105-ba6d5933422e}</UniqueIdentifier>
    </Filter>
    <Filter Include="Object">
      <UniqueIdentifier>{6ad4ca4a-dff0-479b-9c97-8d28b378fe8a}</UniqueIdentifier>
    </Filter>
    <Filter Include="World">
      <UniqueIdentifier>{77ed67e5-1566-4b85-acb4-9d36d8bec654}</UniqueIdentifier>
    </Filter>
    <Filter Include="Component">
      <UniqueIdentifier>{8a83e296-1391-4c56-9c35-fa33ac688ef4}</UniqueIdentifier>
    </Filter>
    <Filter Include="Math">
      <UniqueIdentifier>{39606d9c-726b-4a51-abbe-cc3951ddabf9}</UniqueIdentifier>
    </Filter>
    <Filter Include="2D">
      <UniqueIdentifier>{06f4dae4-2273-4830-81ce-d0bbb6a2231e}</UniqueIdentifier>
    </Filter>
  </ItemGroup>
</Project>