<?xml version="1.0" encoding="utf-8"?>
<Project ToolsVersion="4.0" xmlns="http://schemas.microsoft.com/developer/msbuild/2003">
  <ItemGroup>
    <ClCompile Include="Program\Debug.cpp">
      <Filter>Debug</Filter>
    </ClCompile>
    <ClCompile Include="Program\DebugFile.cpp">
      <Filter>Debug</Filter>
    </ClCompile>
    <ClCompile Include="Program\DebugOutput.cpp">
      <Filter>Debug</Filter>
    </ClCompile>
    <ClCompile Include="Program\DebugSystem.cpp">
      <Filter>Debug</Filter>
    </ClCompile>
    <ClCompile Include="Program\Event.cpp">
      <Filter>Event</Filter>
    </ClCompile>
    <ClCompile Include="Program\EventRecorder.cpp">
      <Filter>Event</Filter>
    </ClCompile>
    <ClCompile Include="Program\ChangeColor.cpp">
      <Filter>GameLogic\Components</Filter>
    </ClCompile>
    <ClCompile Include="Program\ChangeTexture.cpp">
      <Filter>GameLogic\Components</Filter>
    </ClCompile>
    <ClCompile Include="Program\TestComponent.cpp">
      <Filter>GameLogic\Components</Filter>
    </ClCompile>
    <ClCompile Include="Program\Camera.cpp">
      <Filter>GameLogic\GameObjects</Filter>
    </ClCompile>
    <ClCompile Include="Program\Cube.cpp">
      <Filter>GameLogic\GameObjects</Filter>
    </ClCompile>
    <ClCompile Include="Program\InsideWorldAction.cpp">
      <Filter>GameLogic\WorldAction</Filter>
    </ClCompile>
    <ClCompile Include="Program\SecondWorldAction.cpp">
      <Filter>GameLogic\WorldAction</Filter>
    </ClCompile>
    <ClCompile Include="Program\TestWorldAction.cpp">
      <Filter>GameLogic\WorldAction</Filter>
    </ClCompile>
    <ClCompile Include="Program\InsideWorld.cpp">
      <Filter>GameLogic\WorldBuilder</Filter>
    </ClCompile>
    <ClCompile Include="Program\SecondWorld.cpp">
      <Filter>GameLogic\WorldBuilder</Filter>
    </ClCompile>
    <ClCompile Include="Program\TestWorld.cpp">
      <Filter>GameLogic\WorldBuilder</Filter>
    </ClCompile>
    <ClCompile Include="Program\GameEnd.cpp">
      <Filter>Project\Loop</Filter>
    </ClCompile>
    <ClCompile Include="Program\GameLoop.cpp">
      <Filter>Project\Loop</Filter>
    </ClCompile>
    <ClCompile Include="Program\GameStart.cpp">
      <Filter>Project\Loop</Filter>
    </ClCompile>
    <ClCompile Include="Program\GameThread.cpp">
      <Filter>Project\Loop</Filter>
    </ClCompile>
    <ClCompile Include="Program\LogicThread.cpp">
      <Filter>Project\Loop</Filter>
    </ClCompile>
    <ClCompile Include="Program\GameSetting.cpp">
      <Filter>Project</Filter>
    </ClCompile>
    <ClCompile Include="Program\Time.cpp">
      <Filter>Project</Filter>
    </ClCompile>
    <ClCompile Include="Program\TimeManager.cpp">
      <Filter>Project</Filter>
    </ClCompile>
    <ClCompile Include="Program\RenderCustomObject.cpp">
      <Filter>Render\Game\RenderObject</Filter>
    </ClCompile>
    <ClCompile Include="Program\RenderScreenObject.cpp">
      <Filter>Render\Game\RenderObject</Filter>
    </ClCompile>
    <ClCompile Include="Program\BaseRenderPipeline.cpp">
      <Filter>Render\Game</Filter>
    </ClCompile>
    <ClCompile Include="Program\RenderBatch.cpp">
      <Filter>Render\Game</Filter>
    </ClCompile>
    <ClCompile Include="Program\RenderBatchManager.cpp">
      <Filter>Render\Game</Filter>
    </ClCompile>
    <ClCompile Include="Program\RenderLayer.cpp">
      <Filter>Render\Game</Filter>
    </ClCompile>
    <ClCompile Include="Program\RenderObject.cpp">
      <Filter>Render\Game</Filter>
    </ClCompile>
    <ClCompile Include="Program\RenderSetting.cpp">
      <Filter>Render\Game</Filter>
    </ClCompile>
    <ClCompile Include="Program\GClearCMD.cpp">
      <Filter>Render\Graphic\Command</Filter>
    </ClCompile>
    <ClCompile Include="Program\GDrawCMD.cpp">
      <Filter>Render\Graphic\Command</Filter>
    </ClCompile>
    <ClCompile Include="Program\GraphicTextureBuffer.cpp">
      <Filter>Render\Graphic\Command</Filter>
    </ClCompile>
    <ClCompile Include="Program\GraphicTextureBufferClear.cpp">
      <Filter>Render\Graphic\Command</Filter>
    </ClCompile>
    <ClCompile Include="Program\GVertexBufferClearCMD.cpp">
      <Filter>Render\Graphic\Command</Filter>
    </ClCompile>
    <ClCompile Include="Program\GWireframeCMD.cpp">
      <Filter>Render\Graphic\Command</Filter>
    </ClCompile>
    <ClCompile Include="Program\GVertexBufferCMD.cpp">
      <Filter>Render\Graphic\Command</Filter>
    </ClCompile>
    <ClCompile Include="Program\GraphicTextureData.cpp">
      <Filter>Render\Graphic\Data</Filter>
    </ClCompile>
    <ClCompile Include="Program\GraphicVertexData.cpp">
      <Filter>Render\Graphic\Data</Filter>
    </ClCompile>
    <ClCompile Include="Program\glad.c">
      <Filter>Render\Graphic\GraphicAPI\OpenGL</Filter>
    </ClCompile>
    <ClCompile Include="Program\GLRendererAPI.cpp">
      <Filter>Render\Graphic\GraphicAPI\OpenGL</Filter>
    </ClCompile>
    <ClCompile Include="Program\GLResourceAPI.cpp">
      <Filter>Render\Graphic\GraphicAPI\OpenGL</Filter>
    </ClCompile>
    <ClCompile Include="Program\GLShaderAPI.cpp">
      <Filter>Render\Graphic\GraphicAPI\OpenGL</Filter>
    </ClCompile>
    <ClCompile Include="Program\GraphicRenderAPI.cpp">
      <Filter>Render\Graphic\GraphicAPI</Filter>
    </ClCompile>
    <ClCompile Include="Program\GraphicResourceAPI.cpp">
      <Filter>Render\Graphic\GraphicAPI</Filter>
    </ClCompile>
    <ClCompile Include="Program\GraphicShader.cpp">
      <Filter>Render\Graphic\Shader</Filter>
    </ClCompile>
    <ClCompile Include="Program\GraphicShaderManager.cpp">
      <Filter>Render\Graphic\Shader</Filter>
    </ClCompile>
    <ClCompile Include="Program\ShaderCompiler.cpp">
      <Filter>Render\Graphic\Shader</Filter>
    </ClCompile>
    <ClCompile Include="Program\GraphicCommandManager.cpp">
      <Filter>Render\Graphic</Filter>
    </ClCompile>
    <ClCompile Include="Program\GraphicDataCenter.cpp">
      <Filter>Render\Graphic</Filter>
    </ClCompile>
    <ClCompile Include="Program\GraphicRenderer.cpp">
      <Filter>Render\Graphic</Filter>
    </ClCompile>
    <ClCompile Include="Program\LogoCollection.cpp">
      <Filter>Render\Logo</Filter>
    </ClCompile>
    <ClCompile Include="Program\LogoPipeline.cpp">
      <Filter>Render\Logo</Filter>
    </ClCompile>
    <ClCompile Include="Program\ResourceLoader.cpp">
      <Filter>NativeResource</Filter>
    </ClCompile>
    <ClCompile Include="Program\ResourceTextureLibrary.cpp">
      <Filter>ResourceObject\ResourceLibrary</Filter>
    </ClCompile>
    <ClCompile Include="Program\Resource.cpp">
      <Filter>ResourceObject</Filter>
    </ClCompile>
    <ClCompile Include="Program\ResourceInternal.cpp">
      <Filter>ResourceObject</Filter>
    </ClCompile>
    <ClCompile Include="Program\ResourceObject.cpp">
      <Filter>ResourceObject</Filter>
    </ClCompile>
    <ClCompile Include="Program\ResourceObjectCenter.cpp">
      <Filter>ResourceObject</Filter>
    </ClCompile>
    <ClCompile Include="Program\GameWindow.cpp">
      <Filter>Windows</Filter>
    </ClCompile>
    <ClCompile Include="Program\GLWindow.cpp">
      <Filter>Windows</Filter>
    </ClCompile>
    <ClCompile Include="Program\Component.cpp">
      <Filter>World\Component</Filter>
    </ClCompile>
    <ClCompile Include="Program\GameSlot.cpp">
      <Filter>World\Component</Filter>
    </ClCompile>
    <ClCompile Include="Program\GameCabin.cpp">
      <Filter>World\GameObject</Filter>
    </ClCompile>
    <ClCompile Include="Program\GameObject.cpp">
      <Filter>World\GameObject</Filter>
    </ClCompile>
    <ClCompile Include="Program\GameObjectContainer.cpp">
      <Filter>World\GameObject</Filter>
    </ClCompile>
    <ClCompile Include="Program\Transform.cpp">
      <Filter>World\GameObject</Filter>
    </ClCompile>
    <ClCompile Include="Program\NextWorld.cpp">
      <Filter>World\World</Filter>
    </ClCompile>
    <ClCompile Include="Program\WorldAction.cpp">
      <Filter>World\World</Filter>
    </ClCompile>
    <ClCompile Include="Program\WorldBuilder.cpp">
      <Filter>World\World</Filter>
    </ClCompile>
    <ClCompile Include="Program\WorldContainer.cpp">
      <Filter>World\World</Filter>
    </ClCompile>
    <ClCompile Include="Program\WorldController.cpp">
      <Filter>World\World</Filter>
    </ClCompile>
    <ClCompile Include="Program\WorldConverter.cpp">
      <Filter>World\World</Filter>
    </ClCompile>
    <ClCompile Include="Program\WorldFruit.cpp">
      <Filter>World\World</Filter>
    </ClCompile>
    <ClCompile Include="Program\WorldManager.cpp">
      <Filter>World\World</Filter>
    </ClCompile>
    <ClCompile Include="Program\WorldMap.cpp">
      <Filter>World\World</Filter>
    </ClCompile>
    <ClCompile Include="Program\WorldTree.cpp">
      <Filter>World\World</Filter>
    </ClCompile>
    <ClCompile Include="Program.cpp" />
    <ClCompile Include="Program\Math\Color.cpp">
      <Filter>Common\Math</Filter>
    </ClCompile>
    <ClCompile Include="Program\Math\Float2.cpp">
      <Filter>Common\Math</Filter>
    </ClCompile>
    <ClCompile Include="Program\Math\Float3.cpp">
      <Filter>Common\Math</Filter>
    </ClCompile>
    <ClCompile Include="Program\Math\Float4.cpp">
      <Filter>Common\Math</Filter>
    </ClCompile>
    <ClCompile Include="Program\Math\MathBase.cpp">
      <Filter>Common\Math</Filter>
    </ClCompile>
    <ClCompile Include="Program\Math\Matrix4x4.cpp">
      <Filter>Common\Math</Filter>
    </ClCompile>
    <ClCompile Include="Program\Math\Quaternion.cpp">
      <Filter>Common\Math</Filter>
    </ClCompile>
    <ClCompile Include="Program\EngineData\TextureData.cpp">
      <Filter>Common\EngineData</Filter>
    </ClCompile>
    <ClCompile Include="Program\EngineData\VertexData.cpp">
      <Filter>Common\EngineData</Filter>
    </ClCompile>
    <ClCompile Include="Program\MeshObject.cpp">
      <Filter>ResourceObject\ResourceObject</Filter>
    </ClCompile>
    <ClCompile Include="Program\TextureObject.cpp">
      <Filter>ResourceObject\ResourceObject</Filter>
    </ClCompile>
    <ClCompile Include="Program\Mesh.cpp">
      <Filter>ResourceObject\Target</Filter>
    </ClCompile>
    <ClCompile Include="Program\Texture.cpp">
      <Filter>ResourceObject\Target</Filter>
    </ClCompile>
    <ClCompile Include="Program\CameraCollection.cpp">
      <Filter>Render\Game\Collection</Filter>
    </ClCompile>
    <ClCompile Include="Program\RenderCollection.cpp">
      <Filter>Render\Game\Collection</Filter>
    </ClCompile>
    <ClCompile Include="Program\CameraObject.cpp">
      <Filter>Render\Game\RenderObject</Filter>
    </ClCompile>
    <ClCompile Include="Program\Text\StringEncoding.cpp">
      <Filter>Common\Text</Filter>
    </ClCompile>
    <ClCompile Include="Program\Text\WindowsText.cpp">
      <Filter>Common\Text</Filter>
    </ClCompile>
    <ClCompile Include="Program\Thread\CompletedSignal.cpp">
      <Filter>Common\Thread</Filter>
    </ClCompile>
    <ClCompile Include="Program\NativeResource.cpp">
      <Filter>NativeResource</Filter>
    </ClCompile>
    <ClCompile Include="Program\ModelObject.cpp">
      <Filter>ResourceObject\ResourceObject</Filter>
    </ClCompile>
    <ClCompile Include="Program\ResourceModelLibrary.cpp">
      <Filter>ResourceObject\ResourceLibrary</Filter>
    </ClCompile>
    <ClCompile Include="Program\Model.cpp">
      <Filter>ResourceObject\Target</Filter>
    </ClCompile>
    <ClCompile Include="Program\MaterialObject.cpp">
      <Filter>ResourceObject\ResourceObject</Filter>
    </ClCompile>
    <ClCompile Include="Program\Material.cpp">
      <Filter>ResourceObject\Target</Filter>
    </ClCompile>
    <ClCompile Include="Program\GameSystem.cpp">
      <Filter>Project</Filter>
    </ClCompile>
    <ClCompile Include="Program\GraphicSystem.cpp">
      <Filter>Render\Graphic</Filter>
    </ClCompile>
    <ClCompile Include="Program\ResourceSystem.cpp">
      <Filter>ResourceObject</Filter>
    </ClCompile>
    <ClCompile Include="Program\WorldSystem.cpp">
      <Filter>World\World</Filter>
    </ClCompile>
    <ClCompile Include="Program\EventSystem.cpp">
      <Filter>Event</Filter>
    </ClCompile>
    <ClCompile Include="Program\FrameManager.cpp">
      <Filter>Project</Filter>
    </ClCompile>
  </ItemGroup>
  <ItemGroup>
    <ClInclude Include="Program\Debug.h">
      <Filter>Debug</Filter>
    </ClInclude>
    <ClInclude Include="Program\DebugFile.h">
      <Filter>Debug</Filter>
    </ClInclude>
    <ClInclude Include="Program\DebugOutput.h">
      <Filter>Debug</Filter>
    </ClInclude>
    <ClInclude Include="Program\DebugSystem.h">
      <Filter>Debug</Filter>
    </ClInclude>
    <ClInclude Include="Program\Event.h">
      <Filter>Event</Filter>
    </ClInclude>
    <ClInclude Include="Program\EventDef.h">
      <Filter>Event</Filter>
    </ClInclude>
    <ClInclude Include="Program\EventRecorder.h">
      <Filter>Event</Filter>
    </ClInclude>
    <ClInclude Include="Program\ChangeColor.h">
      <Filter>GameLogic\Components</Filter>
    </ClInclude>
    <ClInclude Include="Program\ChangeTexture.h">
      <Filter>GameLogic\Components</Filter>
    </ClInclude>
    <ClInclude Include="Program\TestComponent.h">
      <Filter>GameLogic\Components</Filter>
    </ClInclude>
    <ClInclude Include="Program\Camera.h">
      <Filter>GameLogic\GameObjects</Filter>
    </ClInclude>
    <ClInclude Include="Program\Cube.h">
      <Filter>GameLogic\GameObjects</Filter>
    </ClInclude>
    <ClInclude Include="Program\InsideWorldAction.h">
      <Filter>GameLogic\WorldAction</Filter>
    </ClInclude>
    <ClInclude Include="Program\SecondWorldAction.h">
      <Filter>GameLogic\WorldAction</Filter>
    </ClInclude>
    <ClInclude Include="Program\TestWorldAction.h">
      <Filter>GameLogic\WorldAction</Filter>
    </ClInclude>
    <ClInclude Include="Program\WorldActionList.h">
      <Filter>GameLogic\WorldAction</Filter>
    </ClInclude>
    <ClInclude Include="Program\InsideWorld.h">
      <Filter>GameLogic\WorldBuilder</Filter>
    </ClInclude>
    <ClInclude Include="Program\SecondWorld.h">
      <Filter>GameLogic\WorldBuilder</Filter>
    </ClInclude>
    <ClInclude Include="Program\TestWorld.h">
      <Filter>GameLogic\WorldBuilder</Filter>
    </ClInclude>
    <ClInclude Include="Program\WorldBuilderList.h">
      <Filter>GameLogic\WorldBuilder</Filter>
    </ClInclude>
    <ClInclude Include="Program\GameEnd.h">
      <Filter>Project\Loop</Filter>
    </ClInclude>
    <ClInclude Include="Program\GameLoop.h">
      <Filter>Project\Loop</Filter>
    </ClInclude>
    <ClInclude Include="Program\GameStart.h">
      <Filter>Project\Loop</Filter>
    </ClInclude>
    <ClInclude Include="Program\GameThread.h">
      <Filter>Project\Loop</Filter>
    </ClInclude>
    <ClInclude Include="Program\LogicThread.h">
      <Filter>Project\Loop</Filter>
    </ClInclude>
    <ClInclude Include="Program\GameSetting.h">
      <Filter>Project</Filter>
    </ClInclude>
    <ClInclude Include="Program\Time.h">
      <Filter>Project</Filter>
    </ClInclude>
    <ClInclude Include="Program\TimeManager.h">
      <Filter>Project</Filter>
    </ClInclude>
    <ClInclude Include="Program\RenderCustomObject.h">
      <Filter>Render\Game\RenderObject</Filter>
    </ClInclude>
    <ClInclude Include="Program\RenderScreenObject.h">
      <Filter>Render\Game\RenderObject</Filter>
    </ClInclude>
    <ClInclude Include="Program\BaseRenderPipeline.h">
      <Filter>Render\Game</Filter>
    </ClInclude>
    <ClInclude Include="Program\RenderBatch.h">
      <Filter>Render\Game</Filter>
    </ClInclude>
    <ClInclude Include="Program\RenderBatchManager.h">
      <Filter>Render\Game</Filter>
    </ClInclude>
    <ClInclude Include="Program\RenderLayer.h">
      <Filter>Render\Game</Filter>
    </ClInclude>
    <ClInclude Include="Program\RenderObject.h">
      <Filter>Render\Game</Filter>
    </ClInclude>
    <ClInclude Include="Program\RenderSetting.h">
      <Filter>Render\Game</Filter>
    </ClInclude>
    <ClInclude Include="Program\GraphicData.h">
      <Filter>Render\Graphic\Data</Filter>
    </ClInclude>
    <ClInclude Include="Program\GraphicTextureData.h">
      <Filter>Render\Graphic\Data</Filter>
    </ClInclude>
    <ClInclude Include="Program\GraphicVertexData.h">
      <Filter>Render\Graphic\Data</Filter>
    </ClInclude>
    <ClInclude Include="Program\GLRendererAPI.h">
      <Filter>Render\Graphic\GraphicAPI\OpenGL</Filter>
    </ClInclude>
    <ClInclude Include="Program\GLResourceAPI.h">
      <Filter>Render\Graphic\GraphicAPI\OpenGL</Filter>
    </ClInclude>
    <ClInclude Include="Program\GLShaderAPI.h">
      <Filter>Render\Graphic\GraphicAPI\OpenGL</Filter>
    </ClInclude>
    <ClInclude Include="Program\GraphicRenderAPI.h">
      <Filter>Render\Graphic\GraphicAPI</Filter>
    </ClInclude>
    <ClInclude Include="Program\GraphicResouceAPI.h">
      <Filter>Render\Graphic\GraphicAPI</Filter>
    </ClInclude>
    <ClInclude Include="Program\GraphicShader.h">
      <Filter>Render\Graphic\Shader</Filter>
    </ClInclude>
    <ClInclude Include="Program\GraphicShaderManager.h">
      <Filter>Render\Graphic\Shader</Filter>
    </ClInclude>
    <ClInclude Include="Program\ShaderCompiler.h">
      <Filter>Render\Graphic\Shader</Filter>
    </ClInclude>
    <ClInclude Include="Program\ShaderSource.h">
      <Filter>Render\Graphic\Shader</Filter>
    </ClInclude>
    <ClInclude Include="Program\GraphicCommand.h">
      <Filter>Render\Graphic</Filter>
    </ClInclude>
    <ClInclude Include="Program\GraphicCommandManager.h">
      <Filter>Render\Graphic</Filter>
    </ClInclude>
    <ClInclude Include="Program\GraphicDataCenter.h">
      <Filter>Render\Graphic</Filter>
    </ClInclude>
    <ClInclude Include="Program\GraphicRenderer.h">
      <Filter>Render\Graphic</Filter>
    </ClInclude>
    <ClInclude Include="Program\LogoCollection.h">
      <Filter>Render\Logo</Filter>
    </ClInclude>
    <ClInclude Include="Program\LogoPipeline.h">
      <Filter>Render\Logo</Filter>
    </ClInclude>
    <ClInclude Include="Program\ResourceLoader.h">
      <Filter>NativeResource</Filter>
    </ClInclude>
    <ClInclude Include="Program\ResourceTextureLibrary.h">
      <Filter>ResourceObject\ResourceLibrary</Filter>
    </ClInclude>
    <ClInclude Include="Program\Resource.h">
      <Filter>ResourceObject</Filter>
    </ClInclude>
    <ClInclude Include="Program\ResourceInternal.h">
      <Filter>ResourceObject</Filter>
    </ClInclude>
    <ClInclude Include="Program\ResourceLibrary.h">
      <Filter>ResourceObject</Filter>
    </ClInclude>
    <ClInclude Include="Program\ResourceObject.h">
      <Filter>ResourceObject</Filter>
    </ClInclude>
    <ClInclude Include="Program\ResourceObjectCenter.h">
      <Filter>ResourceObject</Filter>
    </ClInclude>
    <ClInclude Include="Program\GameWindow.h">
      <Filter>Windows</Filter>
    </ClInclude>
    <ClInclude Include="Program\GLWindow.h">
      <Filter>Windows</Filter>
    </ClInclude>
    <ClInclude Include="Program\Component.h">
      <Filter>World\Component</Filter>
    </ClInclude>
    <ClInclude Include="Program\GameSlot.h">
      <Filter>World\Component</Filter>
    </ClInclude>
    <ClInclude Include="Program\GameCabin.h">
      <Filter>World\GameObject</Filter>
    </ClInclude>
    <ClInclude Include="Program\GameObject.h">
      <Filter>World\GameObject</Filter>
    </ClInclude>
    <ClInclude Include="Program\GameObjectContainer.h">
      <Filter>World\GameObject</Filter>
    </ClInclude>
    <ClInclude Include="Program\Transform.h">
      <Filter>World\GameObject</Filter>
    </ClInclude>
    <ClInclude Include="Program\NextWorld.h">
      <Filter>World\World</Filter>
    </ClInclude>
    <ClInclude Include="Program\WorldAction.h">
      <Filter>World\World</Filter>
    </ClInclude>
    <ClInclude Include="Program\WorldBuilder.h">
      <Filter>World\World</Filter>
    </ClInclude>
    <ClInclude Include="Program\WorldContainer.h">
      <Filter>World\World</Filter>
    </ClInclude>
    <ClInclude Include="Program\WorldController.h">
      <Filter>World\World</Filter>
    </ClInclude>
    <ClInclude Include="Program\WorldConverter.h">
      <Filter>World\World</Filter>
    </ClInclude>
    <ClInclude Include="Program\WorldFruit.h">
      <Filter>World\World</Filter>
    </ClInclude>
    <ClInclude Include="Program\WorldManager.h">
      <Filter>World\World</Filter>
    </ClInclude>
    <ClInclude Include="Program\WorldMap.h">
      <Filter>World\World</Filter>
    </ClInclude>
    <ClInclude Include="Program\WorldTree.h">
      <Filter>World\World</Filter>
    </ClInclude>
    <ClInclude Include="Program\BeautifulWorld.h">
      <Filter>World</Filter>
    </ClInclude>
    <ClInclude Include="Program\Graphic.h">
      <Filter>Render\Graphic</Filter>
    </ClInclude>
    <ClInclude Include="Program\Render.h">
      <Filter>Render\Game</Filter>
    </ClInclude>
    <ClInclude Include="Program\Math\Color.h">
      <Filter>Common\Math</Filter>
    </ClInclude>
    <ClInclude Include="Program\Math\Float2.h">
      <Filter>Common\Math</Filter>
    </ClInclude>
    <ClInclude Include="Program\Math\Float3.h">
      <Filter>Common\Math</Filter>
    </ClInclude>
    <ClInclude Include="Program\Math\Float4.h">
      <Filter>Common\Math</Filter>
    </ClInclude>
    <ClInclude Include="Program\Math\MathBase.h">
      <Filter>Common\Math</Filter>
    </ClInclude>
    <ClInclude Include="Program\Math\Matrix4x4.h">
      <Filter>Common\Math</Filter>
    </ClInclude>
    <ClInclude Include="Program\Math\Quaternion.h">
      <Filter>Common\Math</Filter>
    </ClInclude>
    <ClInclude Include="Program\Mathz.h">
      <Filter>Common\Math</Filter>
    </ClInclude>
    <ClInclude Include="Program\Collection.h">
      <Filter>Common\Collection</Filter>
    </ClInclude>
    <ClInclude Include="Program\Collection\FillList.h">
      <Filter>Common\Collection</Filter>
    </ClInclude>
    <ClInclude Include="Program\Collection\ArrayList.h">
      <Filter>Common\Collection</Filter>
    </ClInclude>
    <ClInclude Include="Program\Common.h">
      <Filter>Common</Filter>
    </ClInclude>
    <ClInclude Include="Program\EngineData\BaseData.h">
      <Filter>Common\EngineData</Filter>
    </ClInclude>
    <ClInclude Include="Program\EngineData\TextureData.h">
      <Filter>Common\EngineData</Filter>
    </ClInclude>
    <ClInclude Include="Program\EngineData\VertexData.h">
      <Filter>Common\EngineData</Filter>
    </ClInclude>
    <ClInclude Include="Program\MeshObject.h">
      <Filter>ResourceObject\ResourceObject</Filter>
    </ClInclude>
    <ClInclude Include="Program\TextureObject.h">
      <Filter>ResourceObject\ResourceObject</Filter>
    </ClInclude>
    <ClInclude Include="Program\Mesh.h">
      <Filter>ResourceObject\Target</Filter>
    </ClInclude>
    <ClInclude Include="Program\Texture.h">
      <Filter>ResourceObject\Target</Filter>
    </ClInclude>
    <ClInclude Include="Program\GameProject.h">
      <Filter>Project</Filter>
    </ClInclude>
    <ClInclude Include="Program\CameraCollection.h">
      <Filter>Render\Game\Collection</Filter>
    </ClInclude>
    <ClInclude Include="Program\CameraObject.h">
      <Filter>Render\Game\RenderObject</Filter>
    </ClInclude>
    <ClInclude Include="Program\RenderCollection.h">
      <Filter>Render\Game\Collection</Filter>
    </ClInclude>
    <ClInclude Include="Program\Text\StringEncoding.h">
      <Filter>Common\Text</Filter>
    </ClInclude>
    <ClInclude Include="Program\Text\WindowsText.h">
      <Filter>Common\Text</Filter>
    </ClInclude>
    <ClInclude Include="Program\Thread\CompletedSignal.h">
      <Filter>Common\Thread</Filter>
    </ClInclude>
    <ClInclude Include="Program\NativeResource.h">
      <Filter>NativeResource</Filter>
    </ClInclude>
    <ClInclude Include="Program\ModelObject.h">
      <Filter>ResourceObject\ResourceObject</Filter>
    </ClInclude>
    <ClInclude Include="Program\ResourceModelLibrary.h">
      <Filter>ResourceObject\ResourceLibrary</Filter>
    </ClInclude>
    <ClInclude Include="Program\Model.h">
      <Filter>ResourceObject\Target</Filter>
    </ClInclude>
    <ClInclude Include="Program\MaterialObject.h">
      <Filter>ResourceObject\ResourceObject</Filter>
    </ClInclude>
    <ClInclude Include="Program\Material.h">
      <Filter>ResourceObject\Target</Filter>
    </ClInclude>
    <ClInclude Include="Program\Tool\LifeContainer.h">
      <Filter>Common\Tool</Filter>
    </ClInclude>
    <ClInclude Include="Program\GameSystem.h">
      <Filter>Project</Filter>
    </ClInclude>
    <ClInclude Include="Program\GraphicSystem.h">
      <Filter>Render\Graphic</Filter>
    </ClInclude>
    <ClInclude Include="Program\ResourceSystem.h">
      <Filter>ResourceObject</Filter>
    </ClInclude>
    <ClInclude Include="Program\WorldSystem.h">
      <Filter>World\World</Filter>
    </ClInclude>
    <ClInclude Include="Program\EventSystem.h">
      <Filter>Event</Filter>
    </ClInclude>
    <ClInclude Include="Program\FrameManager.h">
      <Filter>Project</Filter>
    </ClInclude>
  </ItemGroup>
  <ItemGroup>
    <Filter Include="Project">
      <UniqueIdentifier>{3106f0be-a40e-41f0-9bd6-888a31519efa}</UniqueIdentifier>
      <Extensions>
      </Extensions>
    </Filter>
    <Filter Include="GameLogic">
      <UniqueIdentifier>{ee4e0d89-ced1-4bc5-9fac-ec48b34404cc}</UniqueIdentifier>
    </Filter>
    <Filter Include="Project\Loop">
      <UniqueIdentifier>{26a0ad8a-dcf3-4edf-89aa-cd978117fc51}</UniqueIdentifier>
    </Filter>
    <Filter Include="Debug">
      <UniqueIdentifier>{0978051b-1908-419e-aa4a-9f6831c93d5a}</UniqueIdentifier>
    </Filter>
    <Filter Include="Windows">
      <UniqueIdentifier>{94b3bf07-6d83-4bcc-95ac-2544e04f03b8}</UniqueIdentifier>
    </Filter>
    <Filter Include="World">
      <UniqueIdentifier>{0348e011-0140-41b7-8452-82008fe2c81c}</UniqueIdentifier>
    </Filter>
    <Filter Include="World\World">
      <UniqueIdentifier>{77ed67e5-1566-4b85-acb4-9d36d8bec654}</UniqueIdentifier>
    </Filter>
    <Filter Include="World\GameObject">
      <UniqueIdentifier>{6ad4ca4a-dff0-479b-9c97-8d28b378fe8a}</UniqueIdentifier>
    </Filter>
    <Filter Include="World\Component">
      <UniqueIdentifier>{8a83e296-1391-4c56-9c35-fa33ac688ef4}</UniqueIdentifier>
    </Filter>
    <Filter Include="GameLogic\WorldBuilder">
      <UniqueIdentifier>{8909a09a-2484-43a8-9172-fd4eb3c5d594}</UniqueIdentifier>
    </Filter>
    <Filter Include="GameLogic\WorldAction">
      <UniqueIdentifier>{60a3f350-9cdd-42a8-b5a4-885bcf44d65a}</UniqueIdentifier>
    </Filter>
    <Filter Include="GameLogic\GameObjects">
      <UniqueIdentifier>{5fb8297d-6cfd-4138-8f07-f35705c74098}</UniqueIdentifier>
    </Filter>
    <Filter Include="GameLogic\Components">
      <UniqueIdentifier>{96559047-5a86-4eaf-9ae6-d25323431744}</UniqueIdentifier>
    </Filter>
    <Filter Include="Common">
      <UniqueIdentifier>{64e7c77f-c0ab-48af-b2e9-b43b6a2b1401}</UniqueIdentifier>
    </Filter>
    <Filter Include="Common\Math">
      <UniqueIdentifier>{39606d9c-726b-4a51-abbe-cc3951ddabf9}</UniqueIdentifier>
    </Filter>
    <Filter Include="ResourceObject">
      <UniqueIdentifier>{da4d47d4-7ba2-46b1-ab75-09edd381913f}</UniqueIdentifier>
    </Filter>
    <Filter Include="Render">
      <UniqueIdentifier>{702683c2-edd7-4fb3-92af-2dc2b8275239}</UniqueIdentifier>
      <Extensions>
      </Extensions>
    </Filter>
    <Filter Include="Render\Logo">
      <UniqueIdentifier>{2f829ab4-861c-47ed-93bc-7f5487beb8ea}</UniqueIdentifier>
    </Filter>
    <Filter Include="ResourceObject\ResourceLibrary">
      <UniqueIdentifier>{997cb024-d6aa-490a-9297-c09ef4445bad}</UniqueIdentifier>
    </Filter>
    <Filter Include="Render\Graphic">
      <UniqueIdentifier>{ab36a48d-a718-430d-9235-d8a21df371bb}</UniqueIdentifier>
    </Filter>
    <Filter Include="Render\Graphic\Data">
      <UniqueIdentifier>{82b3e8d2-cf97-40c0-ba34-fe23f1344c97}</UniqueIdentifier>
    </Filter>
    <Filter Include="Render\Graphic\Command">
      <UniqueIdentifier>{9b033068-97cc-4484-b37d-d61b07272808}</UniqueIdentifier>
    </Filter>
    <Filter Include="Render\Graphic\Shader">
      <UniqueIdentifier>{562d20ac-4cf2-4dcd-83d5-3491459c5a12}</UniqueIdentifier>
    </Filter>
    <Filter Include="Render\Graphic\GraphicAPI">
      <UniqueIdentifier>{d93eac7b-2a75-4438-87a6-1bc2c148c1a1}</UniqueIdentifier>
    </Filter>
    <Filter Include="Render\Graphic\GraphicAPI\OpenGL">
      <UniqueIdentifier>{2246f91a-9c0e-486a-96c8-a606dcadf677}</UniqueIdentifier>
    </Filter>
    <Filter Include="Render\Game">
      <UniqueIdentifier>{24c8317f-0513-4841-ae1c-6a384901ba55}</UniqueIdentifier>
    </Filter>
    <Filter Include="Render\Game\RenderObject">
      <UniqueIdentifier>{c5e94f82-c03f-43f9-9548-19cd10769d4a}</UniqueIdentifier>
    </Filter>
    <Filter Include="Common\Collection">
      <UniqueIdentifier>{7a3d9c93-c102-4875-a804-5a778e89fc3b}</UniqueIdentifier>
    </Filter>
    <Filter Include="Common\Text">
      <UniqueIdentifier>{2137ed17-9cf9-427c-95ed-2681c264531d}</UniqueIdentifier>
    </Filter>
    <Filter Include="ResourceObject\ResourceObject">
      <UniqueIdentifier>{7f78516d-fbb7-4c13-bfb9-c6618e99a44b}</UniqueIdentifier>
    </Filter>
    <Filter Include="ResourceObject\Target">
      <UniqueIdentifier>{afa65102-81e0-45ce-88df-81555975f910}</UniqueIdentifier>
    </Filter>
    <Filter Include="Common\Thread">
      <UniqueIdentifier>{3868821b-476b-4570-a3be-8371f71fcccc}</UniqueIdentifier>
    </Filter>
    <Filter Include="Render\Game\Collection">
      <UniqueIdentifier>{dfdc439a-96be-4e79-8653-67f64447e715}</UniqueIdentifier>
    </Filter>
    <Filter Include="NativeResource">
      <UniqueIdentifier>{0cc2f298-98df-4ecb-ad7b-5226f98a010f}</UniqueIdentifier>
    </Filter>
    <Filter Include="Common\Tool">
      <UniqueIdentifier>{fbbbc5a2-8959-4110-b5cd-943850dbd522}</UniqueIdentifier>
    </Filter>
    <Filter Include="Common\EngineData">
      <UniqueIdentifier>{56a5d096-ca97-4abe-add5-369e130ae3d8}</UniqueIdentifier>
    </Filter>
    <Filter Include="Event">
      <UniqueIdentifier>{f5075df4-7f92-45ad-b858-dadb4bf028f4}</UniqueIdentifier>
    </Filter>
  </ItemGroup>
</Project>