<?xml version="1.0" encoding="utf-8"?>
<Project ToolsVersion="4.0" xmlns="http://schemas.microsoft.com/developer/msbuild/2003">
  <ItemGroup>
    <ClCompile Include="Program.cpp">
      <Filter>源文件</Filter>
    </ClCompile>
    <ClCompile Include="Time.cpp">
      <Filter>Project</Filter>
    </ClCompile>
    <ClCompile Include="FrameRuntime.cpp">
      <Filter>Project</Filter>
    </ClCompile>
    <ClCompile Include="Camera.cpp">
      <Filter>World\GameObject\Camera</Filter>
    </ClCompile>
    <ClCompile Include="WorldManager.cpp">
      <Filter>World\World</Filter>
    </ClCompile>
    <ClCompile Include="World.cpp">
      <Filter>World\World</Filter>
    </ClCompile>
    <ClCompile Include="Vector2.cpp">
      <Filter>Math</Filter>
    </ClCompile>
    <ClCompile Include="Vector3.cpp">
      <Filter>Math</Filter>
    </ClCompile>
    <ClCompile Include="Transform.cpp">
      <Filter>World\GameObject</Filter>
    </ClCompile>
    <ClCompile Include="Matrix4x4.cpp">
      <Filter>Math</Filter>
    </ClCompile>
    <ClCompile Include="Vector4.cpp">
      <Filter>Math</Filter>
    </ClCompile>
    <ClCompile Include="Mathz.cpp">
      <Filter>Math</Filter>
    </ClCompile>
    <ClCompile Include="GameWindow.cpp">
      <Filter>Windows</Filter>
    </ClCompile>
    <ClCompile Include="GWindow.cpp">
      <Filter>Windows</Filter>
    </ClCompile>
    <ClCompile Include="GameLoop.cpp">
      <Filter>Project\Loop</Filter>
    </ClCompile>
    <ClCompile Include="GameStart.cpp">
      <Filter>Project\Loop</Filter>
    </ClCompile>
    <ClCompile Include="MathBase.cpp">
      <Filter>Math</Filter>
    </ClCompile>
    <ClCompile Include="EventRecorder.cpp">
      <Filter>EventSystem</Filter>
    </ClCompile>
    <ClCompile Include="Debug.cpp">
      <Filter>Debug</Filter>
    </ClCompile>
    <ClCompile Include="DebugOutput.cpp">
      <Filter>Debug</Filter>
    </ClCompile>
    <ClCompile Include="DebugFile.cpp">
      <Filter>Debug</Filter>
    </ClCompile>
    <ClCompile Include="DebugSystem.cpp">
      <Filter>Debug</Filter>
    </ClCompile>
    <ClCompile Include="GameEnd.cpp">
      <Filter>Project\Loop</Filter>
    </ClCompile>
    <ClCompile Include="StringEncoding.cpp">
      <Filter>Tools\Text</Filter>
    </ClCompile>
    <ClCompile Include="CompletedSignal.cpp">
      <Filter>Tools\MultiThread</Filter>
    </ClCompile>
    <ClCompile Include="BaseRenderPipeline.cpp">
      <Filter>Render\GameRender</Filter>
    </ClCompile>
    <ClCompile Include="GraphicRender.cpp">
      <Filter>Render\GraphicRender</Filter>
    </ClCompile>
    <ClCompile Include="RenderObject.cpp">
      <Filter>Render\GameRender</Filter>
    </ClCompile>
    <ClCompile Include="RenderObjectManager.cpp">
      <Filter>Render\GameRender</Filter>
    </ClCompile>
    <ClCompile Include="GraphicVertexData.cpp">
      <Filter>Render\GraphicRender\Data</Filter>
    </ClCompile>
    <ClCompile Include="GraphicTextureData.cpp">
      <Filter>Render\GraphicRender\Data</Filter>
    </ClCompile>
    <ClCompile Include="Texture.cpp">
      <Filter>Resources\Texture</Filter>
    </ClCompile>
    <ClCompile Include="Component.cpp">
      <Filter>World\Component</Filter>
    </ClCompile>
    <ClCompile Include="GameObject.cpp">
      <Filter>World\GameObject</Filter>
    </ClCompile>
    <ClCompile Include="GraphicTextureBuffer.cpp">
      <Filter>Render\GraphicRender\Command</Filter>
    </ClCompile>
    <ClCompile Include="GraphicTextureBufferClear.cpp">
      <Filter>Render\GraphicRender\Command</Filter>
    </ClCompile>
    <ClCompile Include="RenderCollection.cpp">
      <Filter>Render\GameRender</Filter>
    </ClCompile>
    <ClCompile Include="RenderBatchManager.cpp">
      <Filter>Render\GameRender</Filter>
    </ClCompile>
    <ClCompile Include="RenderBatch.cpp">
      <Filter>Render\GameRender</Filter>
    </ClCompile>
    <ClCompile Include="Cube.cpp">
      <Filter>World\GameObject\GameObjects</Filter>
    </ClCompile>
    <ClCompile Include="WorldLoop.cpp">
      <Filter>World\World</Filter>
    </ClCompile>
    <ClCompile Include="WorldMap.cpp">
      <Filter>World\World</Filter>
    </ClCompile>
    <ClCompile Include="NextWorld.cpp">
      <Filter>World\World</Filter>
    </ClCompile>
    <ClCompile Include="WorldTree.cpp">
      <Filter>World\World</Filter>
    </ClCompile>
    <ClCompile Include="WorldContainer.cpp">
      <Filter>World\World</Filter>
    </ClCompile>
    <ClCompile Include="WorldFruit.cpp">
      <Filter>World\World</Filter>
    </ClCompile>
    <ClCompile Include="GameObjectCreator.cpp">
      <Filter>World\GameObject</Filter>
    </ClCompile>
    <ClCompile Include="GameObjectContainer.cpp">
      <Filter>World\GameObject</Filter>
    </ClCompile>
    <ClCompile Include="ComponentCreator.cpp">
      <Filter>World\Component</Filter>
    </ClCompile>
    <ClCompile Include="GraphicCommandManager.cpp">
      <Filter>Render\GraphicRender</Filter>
    </ClCompile>
    <ClCompile Include="GraphicDataCenter.cpp">
      <Filter>Render\GraphicRender</Filter>
    </ClCompile>
    <ClCompile Include="InsideWorld.cpp">
      <Filter>GameLogic\WorldBuilder</Filter>
    </ClCompile>
    <ClCompile Include="SecondWorld.cpp">
      <Filter>GameLogic\WorldBuilder</Filter>
    </ClCompile>
    <ClCompile Include="TestWorld.cpp">
      <Filter>GameLogic\WorldBuilder</Filter>
    </ClCompile>
    <ClCompile Include="InsideWorldAction.cpp">
      <Filter>GameLogic\WorldAction</Filter>
    </ClCompile>
    <ClCompile Include="SecondWorldAction.cpp">
      <Filter>GameLogic\WorldAction</Filter>
    </ClCompile>
    <ClCompile Include="TestWorldAction.cpp">
      <Filter>GameLogic\WorldAction</Filter>
    </ClCompile>
    <ClCompile Include="TestComponent.cpp">
      <Filter>GameLogic\Components</Filter>
    </ClCompile>
    <ClCompile Include="WorldAction.cpp">
      <Filter>World\World</Filter>
    </ClCompile>
    <ClCompile Include="GraphicShaderManager.cpp">
      <Filter>Render\GraphicRender\Shader</Filter>
    </ClCompile>
    <ClCompile Include="GraphicShader.cpp">
      <Filter>Render\GraphicRender\Shader</Filter>
    </ClCompile>
    <ClCompile Include="ShaderCompiler.cpp">
      <Filter>Render\GraphicRender\Shader</Filter>
    </ClCompile>
    <ClCompile Include="glad.c">
      <Filter>Render\GraphicRender\OpenGL</Filter>
    </ClCompile>
    <ClCompile Include="GLResourceAPI.cpp">
      <Filter>Render\GraphicRender\OpenGL</Filter>
    </ClCompile>
    <ClCompile Include="GLShaderAPI.cpp">
      <Filter>Render\GraphicRender\OpenGL</Filter>
    </ClCompile>
    <ClCompile Include="Event.cpp">
      <Filter>EventSystem</Filter>
    </ClCompile>
    <ClCompile Include="EventManager.cpp">
      <Filter>EventSystem</Filter>
    </ClCompile>
    <ClCompile Include="GameSetting.cpp">
      <Filter>Project</Filter>
    </ClCompile>
    <ClCompile Include="TimeManager.cpp">
      <Filter>Project</Filter>
    </ClCompile>
    <ClCompile Include="GDrawCMD.cpp">
      <Filter>Render\GraphicRender\Command</Filter>
    </ClCompile>
    <ClCompile Include="GVertexBufferClearCMD.cpp">
      <Filter>Render\GraphicRender\Command</Filter>
    </ClCompile>
    <ClCompile Include="GVertexBufferCMD.cpp">
      <Filter>Render\GraphicRender\Command</Filter>
    </ClCompile>
    <ClCompile Include="ShaderProperty.cpp">
      <Filter>Render\Base</Filter>
    </ClCompile>
    <ClCompile Include="GWinText.cpp">
      <Filter>Tools\Text</Filter>
    </ClCompile>
    <ClCompile Include="GClearCMD.cpp">
      <Filter>Render\GraphicRender\Command</Filter>
    </ClCompile>
    <ClCompile Include="GLRendererAPI.cpp">
      <Filter>Render\GraphicRender\OpenGL</Filter>
    </ClCompile>
    <ClCompile Include="RenderSetting.cpp">
      <Filter>Render\GameRender</Filter>
    </ClCompile>
    <ClCompile Include="GWireframeCMD.cpp">
      <Filter>Render\GraphicRender\Command</Filter>
    </ClCompile>
    <ClCompile Include="ResourceManager.cpp">
      <Filter>Resources</Filter>
    </ClCompile>
    <ClCompile Include="GraphicRenderAPI.cpp">
      <Filter>Render\GraphicRender</Filter>
    </ClCompile>
    <ClCompile Include="Color.cpp">
      <Filter>Math</Filter>
    </ClCompile>
    <ClCompile Include="CameraCollection.cpp">
      <Filter>Render\GameRender</Filter>
    </ClCompile>
    <ClCompile Include="WorldConverter.cpp">
      <Filter>World\World</Filter>
    </ClCompile>
    <ClCompile Include="Quaternion.cpp">
      <Filter>Math</Filter>
    </ClCompile>
    <ClCompile Include="GraphicResourceAPI.cpp">
      <Filter>Render\GraphicRender</Filter>
    </ClCompile>
    <ClCompile Include="VertexDataCenter.cpp">
      <Filter>Resources\Mesh</Filter>
    </ClCompile>
    <ClCompile Include="VertexData.cpp">
      <Filter>Resources\Mesh</Filter>
    </ClCompile>
    <ClCompile Include="TextureDataCenter.cpp">
      <Filter>Resources\Texture</Filter>
    </ClCompile>
    <ClCompile Include="CubeData.cpp">
      <Filter>Resources\Mesh</Filter>
    </ClCompile>
    <ClCompile Include="ResourceReference.cpp">
      <Filter>Resources</Filter>
    </ClCompile>
    <ClCompile Include="Resource.cpp">
      <Filter>Resources</Filter>
    </ClCompile>
    <ClCompile Include="Mesh.cpp">
      <Filter>Resources\Mesh</Filter>
    </ClCompile>
    <ClCompile Include="TextureData.cpp">
      <Filter>Resources\Texture</Filter>
    </ClCompile>
    <ClCompile Include="Material.cpp">
      <Filter>Resources</Filter>
    </ClCompile>
    <ClCompile Include="CameraObject.cpp">
      <Filter>Render\GameRender</Filter>
    </ClCompile>
  </ItemGroup>
  <ItemGroup>
    <ClInclude Include="pch.h">
      <Filter>头文件</Filter>
    </ClInclude>
    <ClInclude Include="Time.h">
      <Filter>Project</Filter>
    </ClInclude>
    <ClInclude Include="FrameRuntime.h">
      <Filter>Project</Filter>
    </ClInclude>
    <ClInclude Include="Camera.h">
      <Filter>World\GameObject\Camera</Filter>
    </ClInclude>
    <ClInclude Include="Component.h">
      <Filter>World\Component</Filter>
    </ClInclude>
    <ClInclude Include="GameObject.h">
      <Filter>World\GameObject</Filter>
    </ClInclude>
    <ClInclude Include="WorldManager.h">
      <Filter>World\World</Filter>
    </ClInclude>
    <ClInclude Include="World.h">
      <Filter>World\World</Filter>
    </ClInclude>
    <ClInclude Include="Vector2.h">
      <Filter>Math</Filter>
    </ClInclude>
    <ClInclude Include="Vector3.h">
      <Filter>Math</Filter>
    </ClInclude>
    <ClInclude Include="Transform.h">
      <Filter>World\GameObject</Filter>
    </ClInclude>
    <ClInclude Include="Matrix4x4.h">
      <Filter>Math</Filter>
    </ClInclude>
    <ClInclude Include="Vector4.h">
      <Filter>Math</Filter>
    </ClInclude>
    <ClInclude Include="Mathz.h">
      <Filter>Math</Filter>
    </ClInclude>
    <ClInclude Include="GameWindow.h">
      <Filter>Windows</Filter>
    </ClInclude>
    <ClInclude Include="GWindow.h">
      <Filter>Windows</Filter>
    </ClInclude>
    <ClInclude Include="GameLoop.h">
      <Filter>Project\Loop</Filter>
    </ClInclude>
    <ClInclude Include="GameStart.h">
      <Filter>Project\Loop</Filter>
    </ClInclude>
    <ClInclude Include="MathBase.h">
      <Filter>Math</Filter>
    </ClInclude>
    <ClInclude Include="EventRecorder.h">
      <Filter>EventSystem</Filter>
    </ClInclude>
    <ClInclude Include="Debug.h">
      <Filter>Debug</Filter>
    </ClInclude>
    <ClInclude Include="DebugOutput.h">
      <Filter>Debug</Filter>
    </ClInclude>
    <ClInclude Include="DebugFile.h">
      <Filter>Debug</Filter>
    </ClInclude>
    <ClInclude Include="DebugSystem.h">
      <Filter>Debug</Filter>
    </ClInclude>
    <ClInclude Include="GameEnd.h">
      <Filter>Project\Loop</Filter>
    </ClInclude>
    <ClInclude Include="StringEncoding.h">
      <Filter>Tools\Text</Filter>
    </ClInclude>
    <ClInclude Include="CompletedSignal.h">
      <Filter>Tools\MultiThread</Filter>
    </ClInclude>
    <ClInclude Include="BaseRenderPipeline.h">
      <Filter>Render\GameRender</Filter>
    </ClInclude>
    <ClInclude Include="GraphicRender.h">
      <Filter>Render\GraphicRender</Filter>
    </ClInclude>
    <ClInclude Include="RenderObject.h">
      <Filter>Render\GameRender</Filter>
    </ClInclude>
    <ClInclude Include="RenderObjectManager.h">
      <Filter>Render\GameRender</Filter>
    </ClInclude>
    <ClInclude Include="Texture.h">
      <Filter>Resources\Texture</Filter>
    </ClInclude>
    <ClInclude Include="ObjectCollection.h">
      <Filter>Tools\Collection</Filter>
    </ClInclude>
    <ClInclude Include="ObjectCollection.hpp">
      <Filter>Tools\Collection</Filter>
    </ClInclude>
    <ClInclude Include="GraphicCommand.h">
      <Filter>Render\GraphicRender\Command</Filter>
    </ClInclude>
    <ClInclude Include="RenderCollection.h">
      <Filter>Render\GameRender</Filter>
    </ClInclude>
    <ClInclude Include="RenderBatchManager.h">
      <Filter>Render\GameRender</Filter>
    </ClInclude>
    <ClInclude Include="RenderBatch.h">
      <Filter>Render\GameRender</Filter>
    </ClInclude>
    <ClInclude Include="Cube.h">
      <Filter>World\GameObject\GameObjects</Filter>
    </ClInclude>
    <ClInclude Include="WorldLoop.h">
      <Filter>World\World</Filter>
    </ClInclude>
    <ClInclude Include="WorldMap.h">
      <Filter>World\World</Filter>
    </ClInclude>
    <ClInclude Include="NextWorld.h">
      <Filter>World\World</Filter>
    </ClInclude>
    <ClInclude Include="WorldTree.h">
      <Filter>World\World</Filter>
    </ClInclude>
    <ClInclude Include="WorldContainer.h">
      <Filter>World\World</Filter>
    </ClInclude>
    <ClInclude Include="WorldFruit.h">
      <Filter>World\World</Filter>
    </ClInclude>
    <ClInclude Include="GameObjectCreator.h">
      <Filter>World\GameObject</Filter>
    </ClInclude>
    <ClInclude Include="GameObjectContainer.h">
      <Filter>World\GameObject</Filter>
    </ClInclude>
    <ClInclude Include="ComponentCreator.h">
      <Filter>World\Component</Filter>
    </ClInclude>
    <ClInclude Include="LifeContainer.h">
      <Filter>Tools\Custom</Filter>
    </ClInclude>
    <ClInclude Include="BeautifulWorld.h">
      <Filter>World</Filter>
    </ClInclude>
    <ClInclude Include="ResourcePackage.h">
      <Filter>Resources</Filter>
    </ClInclude>
    <ClInclude Include="GraphicCommandManager.h">
      <Filter>Render\GraphicRender</Filter>
    </ClInclude>
    <ClInclude Include="GraphicDataCenter.h">
      <Filter>Render\GraphicRender</Filter>
    </ClInclude>
    <ClInclude Include="InsideWorld.h">
      <Filter>GameLogic\WorldBuilder</Filter>
    </ClInclude>
    <ClInclude Include="SecondWorld.h">
      <Filter>GameLogic\WorldBuilder</Filter>
    </ClInclude>
    <ClInclude Include="TestWorld.h">
      <Filter>GameLogic\WorldBuilder</Filter>
    </ClInclude>
    <ClInclude Include="WorldBuilderList.h">
      <Filter>GameLogic\WorldBuilder</Filter>
    </ClInclude>
    <ClInclude Include="TestWorldAction.h">
      <Filter>GameLogic\WorldAction</Filter>
    </ClInclude>
    <ClInclude Include="InsideWorldAction.h">
      <Filter>GameLogic\WorldAction</Filter>
    </ClInclude>
    <ClInclude Include="SecondWorldAction.h">
      <Filter>GameLogic\WorldAction</Filter>
    </ClInclude>
    <ClInclude Include="WorldActionList.h">
      <Filter>GameLogic\WorldAction</Filter>
    </ClInclude>
    <ClInclude Include="TestComponent.h">
      <Filter>GameLogic\Components</Filter>
    </ClInclude>
    <ClInclude Include="WorldAction.h">
      <Filter>World\World</Filter>
    </ClInclude>
    <ClInclude Include="GraphicShaderManager.h">
      <Filter>Render\GraphicRender\Shader</Filter>
    </ClInclude>
    <ClInclude Include="GraphicShader.h">
      <Filter>Render\GraphicRender\Shader</Filter>
    </ClInclude>
    <ClInclude Include="ShaderSource.h">
      <Filter>Render\GraphicRender\Shader</Filter>
    </ClInclude>
    <ClInclude Include="ShaderCompiler.h">
      <Filter>Render\GraphicRender\Shader</Filter>
    </ClInclude>
    <ClInclude Include="GLRendererAPI.h">
      <Filter>Render\GraphicRender\OpenGL</Filter>
    </ClInclude>
    <ClInclude Include="GLResourceAPI.h">
      <Filter>Render\GraphicRender\OpenGL</Filter>
    </ClInclude>
    <ClInclude Include="WorldBuilder.h">
      <Filter>World\World</Filter>
    </ClInclude>
    <ClInclude Include="GLShaderAPI.h">
      <Filter>Render\GraphicRender\OpenGL</Filter>
    </ClInclude>
    <ClInclude Include="LogDef.h">
      <Filter>Debug</Filter>
    </ClInclude>
    <ClInclude Include="EventDef.h">
      <Filter>EventSystem</Filter>
    </ClInclude>
    <ClInclude Include="Event.h">
      <Filter>EventSystem</Filter>
    </ClInclude>
    <ClInclude Include="EventManager.h">
      <Filter>EventSystem</Filter>
    </ClInclude>
    <ClInclude Include="GameSetting.h">
      <Filter>Project</Filter>
    </ClInclude>
    <ClInclude Include="TimeManager.h">
      <Filter>Project</Filter>
    </ClInclude>
    <ClInclude Include="ShaderProperty.h">
      <Filter>Render\Base</Filter>
    </ClInclude>
    <ClInclude Include="GWinText.h">
      <Filter>Tools\Text</Filter>
    </ClInclude>
    <ClInclude Include="RenderSetting.h">
      <Filter>Render\GameRender</Filter>
    </ClInclude>
    <ClInclude Include="ResourceManager.h">
      <Filter>Resources</Filter>
    </ClInclude>
    <ClInclude Include="KeyIdentity.h">
      <Filter>EventSystem</Filter>
    </ClInclude>
    <ClInclude Include="ObjectIndex.h">
      <Filter>Tools\Custom</Filter>
    </ClInclude>
    <ClInclude Include="GraphicRenderAPI.h">
      <Filter>Render\GraphicRender</Filter>
    </ClInclude>
    <ClInclude Include="Color.h">
      <Filter>Math</Filter>
    </ClInclude>
    <ClInclude Include="CameraCollection.h">
      <Filter>Render\GameRender</Filter>
    </ClInclude>
    <ClInclude Include="WorldConverter.h">
      <Filter>World\World</Filter>
    </ClInclude>
    <ClInclude Include="Quaternion.h">
      <Filter>Math</Filter>
    </ClInclude>
    <ClInclude Include="GraphicResouceAPI.h">
      <Filter>Render\GraphicRender</Filter>
    </ClInclude>
    <ClInclude Include="VertexDataCenter.h">
      <Filter>Resources\Mesh</Filter>
    </ClInclude>
    <ClInclude Include="VertexData.h">
      <Filter>Resources\Mesh</Filter>
    </ClInclude>
    <ClInclude Include="TextureDataCenter.h">
      <Filter>Resources\Texture</Filter>
    </ClInclude>
    <ClInclude Include="GraphicResource.h">
      <Filter>Render\GraphicRender\Data</Filter>
    </ClInclude>
    <ClInclude Include="CubeData.h">
      <Filter>Resources\Mesh</Filter>
    </ClInclude>
    <ClInclude Include="ResourceReference.h">
      <Filter>Resources</Filter>
    </ClInclude>
    <ClInclude Include="Resource.h">
      <Filter>Resources</Filter>
    </ClInclude>
    <ClInclude Include="Mesh.h">
      <Filter>Resources\Mesh</Filter>
    </ClInclude>
    <ClInclude Include="TextureData.h">
      <Filter>Resources\Texture</Filter>
    </ClInclude>
    <ClInclude Include="Material.h">
      <Filter>Resources</Filter>
    </ClInclude>
    <ClInclude Include="CameraObject.h">
      <Filter>Render\GameRender</Filter>
    </ClInclude>
  </ItemGroup>
  <ItemGroup>
    <Filter Include="头文件">
      <UniqueIdentifier>{35f27a84-09e3-451b-bfa4-c888edcfa538}</UniqueIdentifier>
      <Extensions>
      </Extensions>
    </Filter>
    <Filter Include="源文件">
      <UniqueIdentifier>{07616fa9-a65f-4390-827b-3f7758ec8ada}</UniqueIdentifier>
      <Extensions>
      </Extensions>
    </Filter>
    <Filter Include="Project">
      <UniqueIdentifier>{3106f0be-a40e-41f0-9bd6-888a31519efa}</UniqueIdentifier>
      <Extensions>
      </Extensions>
    </Filter>
    <Filter Include="Render">
      <UniqueIdentifier>{702683c2-edd7-4fb3-92af-2dc2b8275239}</UniqueIdentifier>
      <Extensions>
      </Extensions>
    </Filter>
    <Filter Include="Math">
      <UniqueIdentifier>{39606d9c-726b-4a51-abbe-cc3951ddabf9}</UniqueIdentifier>
    </Filter>
    <Filter Include="GameLogic">
      <UniqueIdentifier>{ee4e0d89-ced1-4bc5-9fac-ec48b34404cc}</UniqueIdentifier>
    </Filter>
    <Filter Include="EventSystem">
      <UniqueIdentifier>{f5075df4-7f92-45ad-b858-dadb4bf028f4}</UniqueIdentifier>
    </Filter>
    <Filter Include="Project\Loop">
      <UniqueIdentifier>{26a0ad8a-dcf3-4edf-89aa-cd978117fc51}</UniqueIdentifier>
    </Filter>
    <Filter Include="Debug">
      <UniqueIdentifier>{0978051b-1908-419e-aa4a-9f6831c93d5a}</UniqueIdentifier>
    </Filter>
    <Filter Include="Tools">
      <UniqueIdentifier>{9464c1f2-46ea-4b0e-955a-86dd17a57920}</UniqueIdentifier>
    </Filter>
    <Filter Include="Tools\Text">
      <UniqueIdentifier>{2137ed17-9cf9-427c-95ed-2681c264531d}</UniqueIdentifier>
    </Filter>
    <Filter Include="Tools\MultiThread">
      <UniqueIdentifier>{3868821b-476b-4570-a3be-8371f71fcccc}</UniqueIdentifier>
    </Filter>
    <Filter Include="Render\GameRender">
      <UniqueIdentifier>{24c8317f-0513-4841-ae1c-6a384901ba55}</UniqueIdentifier>
    </Filter>
    <Filter Include="Render\GraphicRender">
      <UniqueIdentifier>{ab36a48d-a718-430d-9235-d8a21df371bb}</UniqueIdentifier>
    </Filter>
    <Filter Include="Render\GameRender\Data">
      <UniqueIdentifier>{c5ff5945-3fce-4f69-816f-54a6a79e0ebb}</UniqueIdentifier>
    </Filter>
    <Filter Include="Render\GraphicRender\Data">
      <UniqueIdentifier>{82b3e8d2-cf97-40c0-ba34-fe23f1344c97}</UniqueIdentifier>
    </Filter>
    <Filter Include="Tools\Collection">
      <UniqueIdentifier>{7a3d9c93-c102-4875-a804-5a778e89fc3b}</UniqueIdentifier>
    </Filter>
    <Filter Include="Render\GraphicRender\Command">
      <UniqueIdentifier>{9b033068-97cc-4484-b37d-d61b07272808}</UniqueIdentifier>
    </Filter>
    <Filter Include="Windows">
      <UniqueIdentifier>{94b3bf07-6d83-4bcc-95ac-2544e04f03b8}</UniqueIdentifier>
    </Filter>
    <Filter Include="Resources">
      <UniqueIdentifier>{0cc2f298-98df-4ecb-ad7b-5226f98a010f}</UniqueIdentifier>
    </Filter>
    <Filter Include="Resources\Texture">
      <UniqueIdentifier>{249a390d-587b-4d12-b97c-0a53ef9ab8c0}</UniqueIdentifier>
    </Filter>
    <Filter Include="World">
      <UniqueIdentifier>{0348e011-0140-41b7-8452-82008fe2c81c}</UniqueIdentifier>
    </Filter>
    <Filter Include="World\World">
      <UniqueIdentifier>{77ed67e5-1566-4b85-acb4-9d36d8bec654}</UniqueIdentifier>
    </Filter>
    <Filter Include="World\GameObject">
      <UniqueIdentifier>{6ad4ca4a-dff0-479b-9c97-8d28b378fe8a}</UniqueIdentifier>
    </Filter>
    <Filter Include="World\GameObject\GameObjects">
      <UniqueIdentifier>{0438b22a-0dbf-458b-999f-b044d4d180e4}</UniqueIdentifier>
    </Filter>
    <Filter Include="World\GameObject\Camera">
      <UniqueIdentifier>{29db5c31-2ad4-45d9-9105-ba6d5933422e}</UniqueIdentifier>
    </Filter>
    <Filter Include="World\Component">
      <UniqueIdentifier>{8a83e296-1391-4c56-9c35-fa33ac688ef4}</UniqueIdentifier>
    </Filter>
    <Filter Include="Render\GraphicRender\OpenGL">
      <UniqueIdentifier>{2246f91a-9c0e-486a-96c8-a606dcadf677}</UniqueIdentifier>
    </Filter>
    <Filter Include="Tools\Custom">
      <UniqueIdentifier>{022e4208-76a3-46a9-81ca-e0e9f6f86d2b}</UniqueIdentifier>
    </Filter>
    <Filter Include="GameLogic\WorldBuilder">
      <UniqueIdentifier>{8909a09a-2484-43a8-9172-fd4eb3c5d594}</UniqueIdentifier>
    </Filter>
    <Filter Include="GameLogic\WorldAction">
      <UniqueIdentifier>{60a3f350-9cdd-42a8-b5a4-885bcf44d65a}</UniqueIdentifier>
    </Filter>
    <Filter Include="GameLogic\GameObjects">
      <UniqueIdentifier>{5fb8297d-6cfd-4138-8f07-f35705c74098}</UniqueIdentifier>
    </Filter>
    <Filter Include="GameLogic\Components">
      <UniqueIdentifier>{96559047-5a86-4eaf-9ae6-d25323431744}</UniqueIdentifier>
    </Filter>
    <Filter Include="Render\GraphicRender\Shader">
      <UniqueIdentifier>{562d20ac-4cf2-4dcd-83d5-3491459c5a12}</UniqueIdentifier>
    </Filter>
    <Filter Include="Render\Base">
      <UniqueIdentifier>{63ee41a1-c11a-41e6-b360-ceed611c7250}</UniqueIdentifier>
    </Filter>
    <Filter Include="Resources\Mesh">
      <UniqueIdentifier>{84560e57-2616-4c20-b0c3-133cc15194fe}</UniqueIdentifier>
    </Filter>
  </ItemGroup>
</Project>